
Microsoft Visual Studio Solution File, Format Version 12.00
# Visual Studio Version 17
VisualStudioVersion = 17.14.36518.9
MinimumVisualStudioVersion = 10.0.40219.1
Project("{FAE04EC0-301F-11D3-BF4B-00C04F79EFBC}") = "Rutinas", "Rutinas.csproj", "{78C5509B-E819-4CD3-AEB2-01D4B84E6FB7}"
EndProject
Project("{2150E333-8FDC-42A3-9474-1A3956D46DE8}") = "Elementos de la solución", "Elementos de la solución", "{D107F4C8-89CC-BEA8-D3D7-CA6B7733353D}"
	ProjectSection(SolutionItems) = preProject
		styles3.css = styles3.css
	EndProjectSection
EndProject
Global
	GlobalSection(SolutionConfigurationPlatforms) = preSolution
		Debug|Any CPU = Debug|Any CPU
		Release|Any CPU = Release|Any CPU
	EndGlobalSection
	GlobalSection(ProjectConfigurationPlatforms) = postSolution
		{78C5509B-E819-4CD3-AEB2-01D4B84E6FB7}.Debug|Any CPU.ActiveCfg = Debug|Any CPU
		{78C5509B-E819-4CD3-AEB2-01D4B84E6FB7}.Debug|Any CPU.Build.0 = Debug|Any CPU
		{78C5509B-E819-4CD3-AEB2-01D4B84E6FB7}.Release|Any CPU.ActiveCfg = Release|Any CPU
		{78C5509B-E819-4CD3-AEB2-01D4B84E6FB7}.Release|Any CPU.Build.0 = Release|Any CPU
	EndGlobalSection
	GlobalSection(SolutionProperties) = preSolution
		HideSolutionNode = FALSE
	EndGlobalSection
	GlobalSection(ExtensibilityGlobals) = postSolution
		SolutionGuid = {2FD9E7C9-1DB9-42C0-8C9A-F4AD6CCD7617}
	EndGlobalSection
EndGlobal
